
Microsoft Visual Studio Solution File, Format Version 12.00
# Visual Studio Version 17
VisualStudioVersion = 17.10.34818.151
MinimumVisualStudioVersion = 10.0.40219.1
Project("{FAE04EC0-301F-11D3-BF4B-00C04F79EFBC}") = "BlazorMovieApp", "BlazorMovieApp\BlazorMovieApp.csproj", "{EC477EE2-F723-4396-A41A-9DB98736EF99}"
EndProject
Global
	GlobalSection(SolutionConfigurationPlatforms) = preSolution
		Debug|Any CPU = Debug|Any CPU
		Release|Any CPU = Release|Any CPU
	EndGlobalSection
	GlobalSection(ProjectConfigurationPlatforms) = postSolution
		{EC477EE2-F723-4396-A41A-9DB98736EF99}.Debug|Any CPU.ActiveCfg = Debug|Any CPU
		{EC477EE2-F723-4396-A41A-9DB98736EF99}.Debug|Any CPU.Build.0 = Debug|Any CPU
		{EC477EE2-F723-4396-A41A-9DB98736EF99}.Release|Any CPU.ActiveCfg = Release|Any CPU
		{EC477EE2-F723-4396-A41A-9DB98736EF99}.Release|Any CPU.Build.0 = Release|Any CPU
	EndGlobalSection
	GlobalSection(SolutionProperties) = preSolution
		HideSolutionNode = FALSE
	EndGlobalSection
	GlobalSection(ExtensibilityGlobals) = postSolution
		SolutionGuid = {ABCC7F60-566D-4D5B-953D-73F54454675D}
	EndGlobalSection
EndGlobal
